{
  "nodes": {
    "attic": {
      "inputs": {
        "crane": [
          "chaotic",
          "crane"
        ],
        "flake-compat": [
          "chaotic",
          "flake-compat"
        ],
        "flake-utils": [
          "chaotic",
          "flake-utils"
        ],
        "nixpkgs": [
          "chaotic",
          "nixpkgs"
        ],
        "nixpkgs-stable": "nixpkgs-stable"
      },
      "locked": {
        "lastModified": 1711742460,
        "narHash": "sha256-0O4v6e4a1toxXZ2gf5INhg4WPE5C5T+SVvsBt+45Mcc=",
        "rev": "4dbdbee45728d8ce5788db6461aaaa89d98081f0",
        "revCount": 197,
        "type": "tarball",
        "url": "https://api.flakehub.com/f/pinned/zhaofengli/attic/0.1.197%2Brev-4dbdbee45728d8ce5788db6461aaaa89d98081f0/018e8bce-1229-7d78-a052-5121272f0341/source.tar.gz"
      },
      "original": {
        "type": "tarball",
        "url": "https://flakehub.com/f/zhaofengli/attic/0.1.%2A.tar.gz"
      }
    },
    "base16-schemes": {
      "flake": false,
      "locked": {
        "lastModified": 1696158499,
        "narHash": "sha256-5yIHgDTPjoX/3oDEfLSQ0eJZdFL1SaCfb9d6M0RmOTM=",
        "owner": "tinted-theming",
        "repo": "base16-schemes",
        "rev": "a9112eaae86d9dd8ee6bb9445b664fba2f94037a",
        "type": "github"
      },
      "original": {
        "owner": "tinted-theming",
        "repo": "base16-schemes",
        "type": "github"
      }
    },
    "catppuccin": {
      "locked": {
        "lastModified": 1714607657,
        "narHash": "sha256-AnmN+JOzrpHv7Uw7JSPJ9JEjuqF7gjhx29UuuldNpas=",
        "owner": "catppuccin",
        "repo": "nix",
        "rev": "b0dc7f3181063daa6532dc5f757ded1a605dfbd5",
        "type": "github"
      },
      "original": {
        "owner": "catppuccin",
        "repo": "nix",
        "type": "github"
      }
    },
    "chaotic": {
      "inputs": {
        "attic": "attic",
        "compare-to": "compare-to",
        "conduit": "conduit",
        "crane": "crane",
        "fenix": "fenix",
        "flake-compat": "flake-compat",
        "flake-schemas": "flake-schemas",
        "flake-utils": "flake-utils",
        "home-manager": "home-manager",
        "jovian": "jovian",
        "jujutsu": "jujutsu",
        "niri": "niri",
        "nix-filter": "nix-filter",
        "nixpkgs": "nixpkgs",
        "systems": "systems",
        "yafas": "yafas"
      },
      "locked": {
        "lastModified": 1714768132,
        "narHash": "sha256-Ln0WH0tGA4ZHF9oCVtKsa7yHHhMtdJ2v8oajefpgit4=",
        "owner": "chaotic-cx",
        "repo": "nyx",
        "rev": "e00c0592bf535a2608326263182340c1df2f5f78",
        "type": "github"
      },
      "original": {
        "owner": "chaotic-cx",
        "ref": "nyxpkgs-unstable",
        "repo": "nyx",
        "type": "github"
      }
    },
    "compare-to": {
      "locked": {
        "lastModified": 1695341185,
        "narHash": "sha256-htO6DSbWyCgaDkxi7foPjXwJFPzGjVt3RRUbPSpNtZY=",
        "rev": "98b8e330823a3570d328720f87a1153f8a7f2224",
        "revCount": 2,
        "type": "tarball",
        "url": "https://api.flakehub.com/f/pinned/chaotic-cx/nix-empty-flake/0.1.2%2Brev-98b8e330823a3570d328720f87a1153f8a7f2224/018aba35-d228-7fa9-b205-7616c89ef4e0/source.tar.gz"
      },
      "original": {
        "type": "tarball",
        "url": "https://flakehub.com/f/chaotic-cx/nix-empty-flake/%3D0.1.2.tar.gz"
      }
    },
    "complement": {
      "flake": false,
      "locked": {
        "lastModified": 1714472853,
        "narHash": "sha256-CNRHSZe3TE+3tFj2dHNyxTMjDqL0MKY3P/3jqUgA7YE=",
        "owner": "matrix-org",
        "repo": "complement",
        "rev": "891d18872c153d39a9ce63b545045efddb845738",
        "type": "github"
      },
      "original": {
        "owner": "matrix-org",
        "ref": "main",
        "repo": "complement",
        "type": "github"
      }
    },
    "conduit": {
      "inputs": {
        "attic": [
          "chaotic",
          "attic"
        ],
        "complement": "complement",
        "crane": [
          "chaotic",
          "crane"
        ],
        "fenix": [
          "chaotic",
          "fenix"
        ],
        "flake-compat": [
          "chaotic",
          "flake-compat"
        ],
        "flake-utils": [
          "chaotic",
          "flake-utils"
        ],
        "nix-filter": [
          "chaotic",
          "nix-filter"
        ],
        "nixpkgs": [
          "chaotic",
          "nixpkgs"
        ],
        "rocksdb": "rocksdb"
      },
      "locked": {
        "lastModified": 1714717104,
        "narHash": "sha256-c+LnBnWKPQxNK6ebEe9RYlvGDkhEKJbSO6n0pZrKjdY=",
        "owner": "girlbossceo",
        "repo": "conduwuit",
        "rev": "42e3567153f20ace6f287d46fff2d7c070b68840",
        "type": "github"
      },
      "original": {
        "owner": "girlbossceo",
        "repo": "conduwuit",
        "type": "github"
      }
    },
    "crane": {
      "inputs": {
        "nixpkgs": [
          "chaotic",
          "nixpkgs"
        ]
      },
      "locked": {
        "lastModified": 1706473297,
        "narHash": "sha256-FbxuYIrHaXpsYCLtI1gCNJhd+qvERjPibXL3ctmVaCs=",
        "rev": "fe812ef0dad5bb93a56c599d318be176d080281d",
        "revCount": 493,
        "type": "tarball",
        "url": "https://api.flakehub.com/f/pinned/ipetkov/crane/0.16.1/018d51be-1c17-765e-babc-c9e3bc8a5a14/source.tar.gz"
      },
      "original": {
        "type": "tarball",
        "url": "https://flakehub.com/f/ipetkov/crane/%3D0.16.1.tar.gz"
      }
    },
    "devshell": {
      "inputs": {
        "flake-utils": "flake-utils_3",
        "nixpkgs": [
          "nixvim",
          "nixpkgs"
        ]
      },
      "locked": {
        "lastModified": 1713532798,
        "narHash": "sha256-wtBhsdMJA3Wa32Wtm1eeo84GejtI43pMrFrmwLXrsEc=",
        "owner": "numtide",
        "repo": "devshell",
        "rev": "12e914740a25ea1891ec619bb53cf5e6ca922e40",
        "type": "github"
      },
      "original": {
        "owner": "numtide",
        "repo": "devshell",
        "type": "github"
      }
    },
    "fenix": {
      "inputs": {
        "nixpkgs": [
          "chaotic",
          "nixpkgs"
        ],
        "rust-analyzer-src": "rust-analyzer-src"
      },
      "locked": {
        "lastModified": 1714544767,
        "narHash": "sha256-kF1bX+YFMedf1g0PAJYwGUkzh22JmULtj8Rm4IXAQKs=",
        "rev": "73124e1356bde9411b163d636b39fe4804b7ca45",
        "revCount": 1852,
        "type": "tarball",
        "url": "https://api.flakehub.com/f/pinned/nix-community/fenix/0.1.1852%2Brev-73124e1356bde9411b163d636b39fe4804b7ca45/018f333a-c195-795f-9e07-b43b47d5391f/source.tar.gz"
      },
      "original": {
        "type": "tarball",
        "url": "https://flakehub.com/f/nix-community/fenix/0.1.%2A.tar.gz"
      }
    },
    "firefox-addons": {
      "inputs": {
        "flake-utils": "flake-utils_2",
        "nixpkgs": [
          "nixpkgs"
        ]
      },
      "locked": {
        "dir": "pkgs/firefox-addons",
        "lastModified": 1714881816,
        "narHash": "sha256-RRl1dRNYQf44sMhoDYZgCxIUOsnsToouIfLc00LKUu0=",
        "owner": "rycee",
        "repo": "nur-expressions",
        "rev": "0f9e3fa02a77158755a76689a4e7e849c7a3e6e8",
        "type": "gitlab"
      },
      "original": {
        "dir": "pkgs/firefox-addons",
        "owner": "rycee",
        "repo": "nur-expressions",
        "type": "gitlab"
      }
    },
    "flake-compat": {
      "flake": false,
      "locked": {
        "lastModified": 1696426674,
        "narHash": "sha256-kvjfFW7WAETZlt09AgDn1MrtKzP7t90Vf7vypd3OL1U=",
        "rev": "0f9255e01c2351cc7d116c072cb317785dd33b33",
        "revCount": 57,
        "type": "tarball",
        "url": "https://api.flakehub.com/f/pinned/edolstra/flake-compat/1.0.1/018afb31-abd1-7bff-a5e4-cff7e18efb7a/source.tar.gz"
      },
      "original": {
        "type": "tarball",
        "url": "https://flakehub.com/f/edolstra/flake-compat/%2A.tar.gz"
      }
    },
    "flake-compat_2": {
      "locked": {
        "lastModified": 1696426674,
        "narHash": "sha256-kvjfFW7WAETZlt09AgDn1MrtKzP7t90Vf7vypd3OL1U=",
        "rev": "0f9255e01c2351cc7d116c072cb317785dd33b33",
        "revCount": 57,
        "type": "tarball",
        "url": "https://api.flakehub.com/f/pinned/edolstra/flake-compat/1.0.1/018afb31-abd1-7bff-a5e4-cff7e18efb7a/source.tar.gz"
      },
      "original": {
        "type": "tarball",
        "url": "https://flakehub.com/f/edolstra/flake-compat/1.tar.gz"
      }
    },
    "flake-compat_3": {
      "flake": false,
      "locked": {
        "lastModified": 1696426674,
        "narHash": "sha256-kvjfFW7WAETZlt09AgDn1MrtKzP7t90Vf7vypd3OL1U=",
        "owner": "edolstra",
        "repo": "flake-compat",
        "rev": "0f9255e01c2351cc7d116c072cb317785dd33b33",
        "type": "github"
      },
      "original": {
        "owner": "edolstra",
        "repo": "flake-compat",
        "type": "github"
      }
    },
    "flake-parts": {
      "inputs": {
        "nixpkgs-lib": "nixpkgs-lib_2"
      },
      "locked": {
        "lastModified": 1714641030,
        "narHash": "sha256-yzcRNDoyVP7+SCNX0wmuDju1NUCt8Dz9+lyUXEI0dbI=",
        "owner": "hercules-ci",
        "repo": "flake-parts",
        "rev": "e5d10a24b66c3ea8f150e47dfdb0416ab7c3390e",
        "type": "github"
      },
      "original": {
        "owner": "hercules-ci",
        "repo": "flake-parts",
        "type": "github"
      }
    },
    "flake-parts_2": {
      "inputs": {
        "nixpkgs-lib": [
          "nixvim",
          "nixpkgs"
        ]
      },
      "locked": {
        "lastModified": 1714641030,
        "narHash": "sha256-yzcRNDoyVP7+SCNX0wmuDju1NUCt8Dz9+lyUXEI0dbI=",
        "owner": "hercules-ci",
        "repo": "flake-parts",
        "rev": "e5d10a24b66c3ea8f150e47dfdb0416ab7c3390e",
        "type": "github"
      },
      "original": {
        "owner": "hercules-ci",
        "repo": "flake-parts",
        "type": "github"
      }
    },
    "flake-schemas": {
      "locked": {
        "lastModified": 1693491534,
        "narHash": "sha256-ifw8Td8kD08J8DxFbYjeIx5naHcDLz7s2IFP3X42I/U=",
        "rev": "c702cbb663d6d70bbb716584a2ee3aeb35017279",
        "revCount": 21,
        "type": "tarball",
        "url": "https://api.flakehub.com/f/pinned/DeterminateSystems/flake-schemas/0.1.1/018a4c59-80e1-708a-bb4d-854930c20f72/source.tar.gz"
      },
      "original": {
        "type": "tarball",
        "url": "https://flakehub.com/f/DeterminateSystems/flake-schemas/%3D0.1.1.tar.gz"
      }
    },
    "flake-utils": {
      "inputs": {
        "systems": [
          "chaotic",
          "systems"
        ]
      },
      "locked": {
        "lastModified": 1710146030,
        "narHash": "sha256-SZ5L6eA7HJ/nmkzGG7/ISclqe6oZdOZTNoesiInkXPQ=",
        "rev": "b1d9ab70662946ef0850d488da1c9019f3a9752a",
        "revCount": 92,
        "type": "tarball",
        "url": "https://api.flakehub.com/f/pinned/numtide/flake-utils/0.1.92%2Brev-b1d9ab70662946ef0850d488da1c9019f3a9752a/018e2ca5-e5a2-7f80-9261-445a8cecd4d7/source.tar.gz"
      },
      "original": {
        "type": "tarball",
        "url": "https://flakehub.com/f/numtide/flake-utils/0.1.%2A.tar.gz"
      }
    },
    "flake-utils_2": {
      "locked": {
        "lastModified": 1629284811,
        "narHash": "sha256-JHgasjPR0/J1J3DRm4KxM4zTyAj4IOJY8vIl75v/kPI=",
        "owner": "numtide",
        "repo": "flake-utils",
        "rev": "c5d161cc0af116a2e17f54316f0bf43f0819785c",
        "type": "github"
      },
      "original": {
        "owner": "numtide",
        "repo": "flake-utils",
        "type": "github"
      }
    },
    "flake-utils_3": {
      "inputs": {
        "systems": "systems_2"
      },
      "locked": {
        "lastModified": 1701680307,
        "narHash": "sha256-kAuep2h5ajznlPMD9rnQyffWG8EM/C73lejGofXvdM8=",
        "owner": "numtide",
        "repo": "flake-utils",
        "rev": "4022d587cbbfd70fe950c1e2083a02621806a725",
        "type": "github"
      },
      "original": {
        "owner": "numtide",
        "repo": "flake-utils",
        "type": "github"
      }
    },
    "flake-utils_4": {
      "inputs": {
        "systems": "systems_3"
      },
      "locked": {
        "lastModified": 1710146030,
        "narHash": "sha256-SZ5L6eA7HJ/nmkzGG7/ISclqe6oZdOZTNoesiInkXPQ=",
        "owner": "numtide",
        "repo": "flake-utils",
        "rev": "b1d9ab70662946ef0850d488da1c9019f3a9752a",
        "type": "github"
      },
      "original": {
        "owner": "numtide",
        "repo": "flake-utils",
        "type": "github"
      }
    },
    "gitignore": {
      "inputs": {
        "nixpkgs": [
          "nixvim",
          "pre-commit-hooks",
          "nixpkgs"
        ]
      },
      "locked": {
        "lastModified": 1709087332,
        "narHash": "sha256-HG2cCnktfHsKV0s4XW83gU3F57gaTljL9KNSuG6bnQs=",
        "owner": "hercules-ci",
        "repo": "gitignore.nix",
        "rev": "637db329424fd7e46cf4185293b9cc8c88c95394",
        "type": "github"
      },
      "original": {
        "owner": "hercules-ci",
        "repo": "gitignore.nix",
        "type": "github"
      }
    },
    "home-manager": {
      "inputs": {
        "nixpkgs": [
          "chaotic",
          "nixpkgs"
        ]
      },
      "locked": {
        "lastModified": 1714679908,
        "narHash": "sha256-KzcXzDvDJjX34en8f3Zimm396x6idbt+cu4tWDVS2FI=",
        "owner": "nix-community",
        "repo": "home-manager",
        "rev": "9036fe9ef8e15a819fa76f47a8b1f287903fb848",
        "type": "github"
      },
      "original": {
        "owner": "nix-community",
        "repo": "home-manager",
        "type": "github"
      }
    },
    "home-manager_2": {
      "inputs": {
        "nixpkgs": [
          "nixpkgs"
        ]
      },
      "locked": {
        "lastModified": 1714931954,
        "narHash": "sha256-QXpLmgmisNK2Zgpnu9DiO9ScrKJuJ4zmiMTNpObVIuk=",
        "owner": "nix-community",
        "repo": "home-manager",
        "rev": "3dfe05aa9b5646995ace887931fa60269a039777",
        "type": "github"
      },
      "original": {
        "owner": "nix-community",
        "repo": "home-manager",
        "type": "github"
      }
    },
    "home-manager_3": {
      "inputs": {
        "nixpkgs": [
          "nixvim",
          "nixpkgs"
        ]
      },
      "locked": {
        "lastModified": 1714679908,
        "narHash": "sha256-KzcXzDvDJjX34en8f3Zimm396x6idbt+cu4tWDVS2FI=",
        "owner": "nix-community",
        "repo": "home-manager",
        "rev": "9036fe9ef8e15a819fa76f47a8b1f287903fb848",
        "type": "github"
      },
      "original": {
        "owner": "nix-community",
        "repo": "home-manager",
        "type": "github"
      }
    },
    "jovian": {
      "inputs": {
        "nix-github-actions": "nix-github-actions",
        "nixpkgs": [
          "chaotic",
          "nixpkgs"
        ]
      },
      "locked": {
        "lastModified": 1714720101,
        "narHash": "sha256-Dxlj52coLzQZVV4a9IMMc/2xU5FIpj0iaHBigPwoNjM=",
        "owner": "Jovian-Experiments",
        "repo": "Jovian-NixOS",
        "rev": "68b6bfacf67fcb1660c024b8dcd9376af38bbafe",
        "type": "github"
      },
      "original": {
        "owner": "Jovian-Experiments",
        "repo": "Jovian-NixOS",
        "type": "github"
      }
    },
    "jujutsu": {
      "inputs": {
        "flake-utils": [
          "chaotic",
          "flake-utils"
        ],
        "nixpkgs": [
          "chaotic",
          "nixpkgs"
        ],
        "rust-overlay": "rust-overlay"
      },
      "locked": {
        "lastModified": 1714717012,
        "narHash": "sha256-NBwvJqxD0JE7qhy6yZVyunrxAj8j8pn3XiFQxO2YOWI=",
        "owner": "martinvonz",
        "repo": "jj",
        "rev": "0d630ac1bce0a87cf54a084c17a84225caa5fd6e",
        "type": "github"
      },
      "original": {
        "owner": "martinvonz",
        "repo": "jj",
        "type": "github"
      }
    },
    "niri": {
      "inputs": {
        "crane": [
          "chaotic",
          "crane"
        ],
        "fenix": [
          "chaotic",
          "fenix"
        ],
        "flake-utils": [
          "chaotic",
          "flake-utils"
        ],
        "nix-filter": [
          "chaotic",
          "nix-filter"
        ],
        "nixpkgs": [
          "chaotic",
          "nixpkgs"
        ]
      },
      "locked": {
        "lastModified": 1714729593,
        "narHash": "sha256-qJyx6NFn/aDrZ06WzJoi2irDyKrApMjDjKJ6UTkLD10=",
        "owner": "YaLTeR",
        "repo": "niri",
        "rev": "85680a57dac965973644e9e96159716c0608bb57",
        "type": "github"
      },
      "original": {
        "owner": "YaLTeR",
        "repo": "niri",
        "type": "github"
      }
    },
    "nix-colors": {
      "inputs": {
        "base16-schemes": "base16-schemes",
        "nixpkgs-lib": "nixpkgs-lib"
      },
      "locked": {
        "lastModified": 1707825078,
        "narHash": "sha256-hTfge2J2W+42SZ7VHXkf4kjU+qzFqPeC9k66jAUBMHk=",
        "owner": "misterio77",
        "repo": "nix-colors",
        "rev": "b01f024090d2c4fc3152cd0cf12027a7b8453ba1",
        "type": "github"
      },
      "original": {
        "owner": "misterio77",
        "repo": "nix-colors",
        "type": "github"
      }
    },
    "nix-darwin": {
      "inputs": {
        "nixpkgs": [
          "nixvim",
          "nixpkgs"
        ]
      },
      "locked": {
        "lastModified": 1713946171,
        "narHash": "sha256-lc75rgRQLdp4Dzogv5cfqOg6qYc5Rp83oedF2t0kDp8=",
        "owner": "lnl7",
        "repo": "nix-darwin",
        "rev": "230a197063de9287128e2c68a7a4b0cd7d0b50a7",
        "type": "github"
      },
      "original": {
        "owner": "lnl7",
        "repo": "nix-darwin",
        "type": "github"
      }
    },
    "nix-filter": {
      "locked": {
        "lastModified": 1710156097,
        "narHash": "sha256-1Wvk8UP7PXdf8bCCaEoMnOT1qe5/Duqgj+rL8sRQsSM=",
        "owner": "numtide",
        "repo": "nix-filter",
        "rev": "3342559a24e85fc164b295c3444e8a139924675b",
        "type": "github"
      },
      "original": {
        "owner": "numtide",
        "repo": "nix-filter",
        "type": "github"
      }
    },
    "nix-flatpak": {
      "locked": {
        "lastModified": 1711997375,
        "narHash": "sha256-KvU4gOtuFMS9Il67glRGtdNfguAINT9pCaXtvCL8uI8=",
        "owner": "gmodena",
        "repo": "nix-flatpak",
        "rev": "45bf66f7068db79b552da864c0e87452be624d6c",
        "type": "github"
      },
      "original": {
        "owner": "gmodena",
        "repo": "nix-flatpak",
        "type": "github"
      }
    },
    "nix-gaming": {
      "inputs": {
        "flake-parts": "flake-parts",
        "nixpkgs": "nixpkgs_2"
      },
      "locked": {
        "lastModified": 1714872073,
        "narHash": "sha256-Gybo6MqJ2tva9vMaSxOgie8uVObiP0LxD2FMokiR0X4=",
        "owner": "fufexan",
        "repo": "nix-gaming",
        "rev": "b85b9c3afa1bfee0150580eb76c52e572a85a6a9",
        "type": "github"
      },
      "original": {
        "owner": "fufexan",
        "repo": "nix-gaming",
        "type": "github"
      }
    },
    "nix-github-actions": {
      "inputs": {
        "nixpkgs": [
          "chaotic",
          "jovian",
          "nixpkgs"
        ]
      },
      "locked": {
        "lastModified": 1690328911,
        "narHash": "sha256-fxtExYk+aGf2YbjeWQ8JY9/n9dwuEt+ma1eUFzF8Jeo=",
        "owner": "zhaofengli",
        "repo": "nix-github-actions",
        "rev": "96df4a39c52f53cb7098b923224d8ce941b64747",
        "type": "github"
      },
      "original": {
        "owner": "zhaofengli",
        "ref": "matrix-name",
        "repo": "nix-github-actions",
        "type": "github"
      }
    },
    "nixpkgs": {
      "locked": {
        "lastModified": 1714635257,
        "narHash": "sha256-4cPymbty65RvF1DWQfc+Bc8B233A1BWxJnNULJKQ1EY=",
        "rev": "63c3a29ca82437c87573e4c6919b09a24ea61b0f",
        "revCount": 619660,
        "type": "tarball",
        "url": "https://api.flakehub.com/f/pinned/NixOS/nixpkgs/0.1.619660%2Brev-63c3a29ca82437c87573e4c6919b09a24ea61b0f/018f3b26-5e03-7aa3-b783-09324dde70c2/source.tar.gz"
      },
      "original": {
        "type": "tarball",
        "url": "https://flakehub.com/f/NixOS/nixpkgs/0.1.%2A.tar.gz"
      }
    },
    "nixpkgs-lib": {
      "locked": {
        "lastModified": 1697935651,
        "narHash": "sha256-qOfWjQ2JQSQL15KLh6D7xQhx0qgZlYZTYlcEiRuAMMw=",
        "owner": "nix-community",
        "repo": "nixpkgs.lib",
        "rev": "e1e11fdbb01113d85c7f41cada9d2847660e3902",
        "type": "github"
      },
      "original": {
        "owner": "nix-community",
        "repo": "nixpkgs.lib",
        "type": "github"
      }
    },
    "nixpkgs-lib_2": {
      "locked": {
        "lastModified": 1714640452,
        "narHash": "sha256-QBx10+k6JWz6u7VsohfSw8g8hjdBZEf8CFzXH1/1Z94=",
        "type": "tarball",
        "url": "https://github.com/NixOS/nixpkgs/archive/50eb7ecf4cd0a5756d7275c8ba36790e5bd53e33.tar.gz"
      },
      "original": {
        "type": "tarball",
        "url": "https://github.com/NixOS/nixpkgs/archive/50eb7ecf4cd0a5756d7275c8ba36790e5bd53e33.tar.gz"
      }
    },
    "nixpkgs-stable": {
      "locked": {
        "lastModified": 1711460390,
        "narHash": "sha256-akSgjDZL6pVHEfSE6sz1DNSXuYX6hq+P/1Z5IoYWs7E=",
        "owner": "NixOS",
        "repo": "nixpkgs",
        "rev": "44733514b72e732bd49f5511bd0203dea9b9a434",
        "type": "github"
      },
      "original": {
        "owner": "NixOS",
        "ref": "nixos-23.11",
        "repo": "nixpkgs",
        "type": "github"
      }
    },
    "nixpkgs_2": {
      "locked": {
        "lastModified": 1714809261,
        "narHash": "sha256-hfBmnYFyz9I1mdrC3tX1A+dF9cOUcds5PIMPxrT+cRk=",
        "owner": "NixOS",
        "repo": "nixpkgs",
        "rev": "d32560238207b8e26d88b265207b216ee46b8450",
        "type": "github"
      },
      "original": {
        "owner": "NixOS",
        "ref": "nixpkgs-unstable",
        "repo": "nixpkgs",
        "type": "github"
      }
    },
    "nixpkgs_3": {
      "locked": {
        "lastModified": 1714906307,
        "narHash": "sha256-UlRZtrCnhPFSJlDQE7M0eyhgvuuHBTe1eJ9N9AQlJQ0=",
        "owner": "NixOS",
        "repo": "nixpkgs",
        "rev": "25865a40d14b3f9cf19f19b924e2ab4069b09588",
        "type": "github"
      },
      "original": {
        "owner": "NixOS",
        "ref": "nixos-unstable",
        "repo": "nixpkgs",
        "type": "github"
      }
    },
    "nixvim": {
      "inputs": {
        "devshell": "devshell",
        "flake-compat": "flake-compat_2",
        "flake-parts": "flake-parts_2",
        "home-manager": "home-manager_3",
        "nix-darwin": "nix-darwin",
        "nixpkgs": [
          "nixpkgs"
        ],
        "pre-commit-hooks": "pre-commit-hooks"
      },
      "locked": {
        "lastModified": 1714939240,
        "narHash": "sha256-U4L+0ugafh+E3yMUzLb4N4ME9Ve4LigujiJcAFyl204=",
        "owner": "nix-community",
        "repo": "nixvim",
        "rev": "62f32bfc711f0a3c8a52af4c0790345b4b3d2346",
        "type": "github"
      },
      "original": {
        "owner": "nix-community",
        "repo": "nixvim",
        "type": "github"
      }
    },
    "pre-commit-hooks": {
      "inputs": {
        "flake-compat": "flake-compat_3",
        "flake-utils": "flake-utils_4",
        "gitignore": "gitignore",
        "nixpkgs": [
          "nixvim",
          "nixpkgs"
        ],
        "nixpkgs-stable": [
          "nixvim",
          "nixpkgs"
        ]
      },
      "locked": {
        "lastModified": 1714478972,
        "narHash": "sha256-q//cgb52vv81uOuwz1LaXElp3XAe1TqrABXODAEF6Sk=",
        "owner": "cachix",
        "repo": "pre-commit-hooks.nix",
        "rev": "2849da033884f54822af194400f8dff435ada242",
        "type": "github"
      },
      "original": {
        "owner": "cachix",
        "repo": "pre-commit-hooks.nix",
        "type": "github"
      }
    },
    "rocksdb": {
      "flake": false,
      "locked": {
        "lastModified": 1713810944,
        "narHash": "sha256-/Xf0bzNJPclH9IP80QNaABfhj4IAR5LycYET18VFCXc=",
        "owner": "facebook",
        "repo": "rocksdb",
        "rev": "6f7cabeac80a3a6150be2c8a8369fcecb107bf43",
        "type": "github"
      },
      "original": {
        "owner": "facebook",
        "ref": "v9.1.1",
        "repo": "rocksdb",
        "type": "github"
      }
    },
    "root": {
      "inputs": {
        "catppuccin": "catppuccin",
        "chaotic": "chaotic",
        "firefox-addons": "firefox-addons",
        "home-manager": "home-manager_2",
        "nix-colors": "nix-colors",
        "nix-flatpak": "nix-flatpak",
        "nix-gaming": "nix-gaming",
        "nixpkgs": "nixpkgs_3",
        "nixvim": "nixvim",
        "sops-nix": "sops-nix"
      }
    },
    "rust-analyzer-src": {
      "flake": false,
      "locked": {
        "lastModified": 1714501997,
        "narHash": "sha256-g31zfxwUFzkPgX0Q8sZLcrqGmOxwjEZ/iqJjNx4fEGo=",
        "owner": "rust-lang",
        "repo": "rust-analyzer",
        "rev": "49e502b277a8126a9ad10c802d1aaa3ef1a280ef",
        "type": "github"
      },
      "original": {
        "owner": "rust-lang",
        "ref": "nightly",
        "repo": "rust-analyzer",
        "type": "github"
      }
    },
    "rust-overlay": {
      "inputs": {
        "flake-utils": [
          "chaotic",
          "jujutsu",
          "flake-utils"
        ],
        "nixpkgs": [
          "chaotic",
          "jujutsu",
          "nixpkgs"
        ]
      },
      "locked": {
        "lastModified": 1707444620,
        "narHash": "sha256-P8kRkiJLFttN+hbAOlm11wPxUrQZqKle+QtVCqFiGXY=",
        "owner": "oxalica",
        "repo": "rust-overlay",
        "rev": "78503e9199010a4df714f29a4f9c00eb2ccae071",
        "type": "github"
      },
      "original": {
        "owner": "oxalica",
        "repo": "rust-overlay",
        "type": "github"
      }
    },
    "sops-nix": {
      "inputs": {
        "nixpkgs": [
          "nixpkgs"
        ],
        "nixpkgs-stable": [
          "nixpkgs"
        ]
      },
      "locked": {
        "lastModified": 1714878026,
        "narHash": "sha256-YJ1k/jyd6vKqmVgGkkAb4n+ZfPPAt8+L5a73eAThqFU=",
        "owner": "mic92",
        "repo": "sops-nix",
        "rev": "10dc39496d5b027912038bde8d68c836576ad0bc",
        "type": "github"
      },
      "original": {
        "owner": "mic92",
        "repo": "sops-nix",
        "type": "github"
      }
    },
    "systems": {
      "locked": {
        "lastModified": 1689347949,
        "narHash": "sha256-12tWmuL2zgBgZkdoB6qXZsgJEH9LR3oUgpaQq2RbI80=",
        "owner": "nix-systems",
        "repo": "default-linux",
        "rev": "31732fcf5e8fea42e59c2488ad31a0e651500f68",
        "type": "github"
      },
      "original": {
        "owner": "nix-systems",
        "repo": "default-linux",
        "type": "github"
      }
    },
    "systems_2": {
      "locked": {
        "lastModified": 1681028828,
        "narHash": "sha256-Vy1rq5AaRuLzOxct8nz4T6wlgyUR7zLU309k9mBC768=",
        "owner": "nix-systems",
        "repo": "default",
        "rev": "da67096a3b9bf56a91d16901293e51ba5b49a27e",
        "type": "github"
      },
      "original": {
        "owner": "nix-systems",
        "repo": "default",
        "type": "github"
      }
    },
    "systems_3": {
      "locked": {
        "lastModified": 1681028828,
        "narHash": "sha256-Vy1rq5AaRuLzOxct8nz4T6wlgyUR7zLU309k9mBC768=",
        "owner": "nix-systems",
        "repo": "default",
        "rev": "da67096a3b9bf56a91d16901293e51ba5b49a27e",
        "type": "github"
      },
      "original": {
        "owner": "nix-systems",
        "repo": "default",
        "type": "github"
      }
    },
    "yafas": {
      "inputs": {
        "flake-schemas": [
          "chaotic",
          "flake-schemas"
        ],
        "systems": [
          "chaotic",
          "systems"
        ]
      },
      "locked": {
        "lastModified": 1695926485,
        "narHash": "sha256-wNFFnItckgSs8XeYhhv8vlJs2WF09fSQaWgw4xkDqHQ=",
        "rev": "7772afd6686458ca0ddbc599a52cf5d337367653",
        "revCount": 4,
        "type": "tarball",
        "url": "https://api.flakehub.com/f/pinned/UbiqueLambda/yafas/0.1.4%2Brev-7772afd6686458ca0ddbc599a52cf5d337367653/018add18-ebb4-72c6-93fe-d1d8da361703/source.tar.gz"
      },
      "original": {
        "type": "tarball",
        "url": "https://flakehub.com/f/UbiqueLambda/yafas/0.1.%2A.tar.gz"
      }
    }
  },
  "root": "root",
  "version": 7
}
